
Microsoft Visual Studio Solution File, Format Version 12.00
# Visual Studio 15
VisualStudioVersion = 15.0.28307.779
MinimumVisualStudioVersion = 10.0.40219.1
Project("{FAE04EC0-301F-11D3-BF4B-00C04F79EFBC}") = "TokenAuthentication", "TokenAuthentication\TokenAuthentication.csproj", "{B79CA340-7D2D-4A9C-A460-17A6D0FF2AB6}"
EndProject
Global
	GlobalSection(SolutionConfigurationPlatforms) = preSolution
		Debug|Any CPU = Debug|Any CPU
		Release|Any CPU = Release|Any CPU
	EndGlobalSection
	GlobalSection(ProjectConfigurationPlatforms) = postSolution
		{B79CA340-7D2D-4A9C-A460-17A6D0FF2AB6}.Debug|Any CPU.ActiveCfg = Debug|Any CPU
		{B79CA340-7D2D-4A9C-A460-17A6D0FF2AB6}.Debug|Any CPU.Build.0 = Debug|Any CPU
		{B79CA340-7D2D-4A9C-A460-17A6D0FF2AB6}.Release|Any CPU.ActiveCfg = Release|Any CPU
		{B79CA340-7D2D-4A9C-A460-17A6D0FF2AB6}.Release|Any CPU.Build.0 = Release|Any CPU
	EndGlobalSection
	GlobalSection(SolutionProperties) = preSolution
		HideSolutionNode = FALSE
	EndGlobalSection
	GlobalSection(ExtensibilityGlobals) = postSolution
		SolutionGuid = {5EF17279-D343-48F7-AD24-29F19F663666}
	EndGlobalSection
EndGlobal
